
Microsoft Visual Studio Solution File, Format Version 12.00
# Visual Studio 15
VisualStudioVersion = 15.0.27703.2026
MinimumVisualStudioVersion = 10.0.40219.1
Project("{9A19103F-16F7-4668-BE54-9A1E7A4F7556}") = "GaoJD.Club.OneTest", "OneTest\GaoJD.Club.OneTest.csproj", "{A00E61AB-B235-416C-A583-CAE441B3D9AF}"
EndProject
Project("{2150E333-8FDC-42A3-9474-1A3956D46DE8}") = "Common", "Common", "{A6364D28-657D-4B8E-A74C-D09D50329EA1}"
EndProject
Project("{2150E333-8FDC-42A3-9474-1A3956D46DE8}") = "Website", "Website", "{27B402A9-D79A-44D6-A36F-C648043B5573}"
EndProject
Project("{9A19103F-16F7-4668-BE54-9A1E7A4F7556}") = "GaoJD.Club.BusinessEntity", "GaoJD.Club.BusinessEntity\GaoJD.Club.BusinessEntity.csproj", "{07D06907-2B1C-42E9-98F9-8DF15D0A3E53}"
EndProject
Project("{9A19103F-16F7-4668-BE54-9A1E7A4F7556}") = "GaoJD.Club.Core", "GaoJD.Club.Core\GaoJD.Club.Core.csproj", "{0DEFEF50-BF29-449C-BDDA-12EE7A457490}"
EndProject
Project("{9A19103F-16F7-4668-BE54-9A1E7A4F7556}") = "GaoJD.Club.Logger", "GaoJD.Club.Logger\GaoJD.Club.Logger.csproj", "{F7A60896-19BC-4DAF-B704-4AE59EF33648}"
EndProject
Project("{9A19103F-16F7-4668-BE54-9A1E7A4F7556}") = "GaoJD.Club.Logic", "GaoJD.Club.Logic\GaoJD.Club.Logic.csproj", "{5BB6EA05-65BC-485C-979A-3F9587B3A1BD}"
EndProject
Project("{9A19103F-16F7-4668-BE54-9A1E7A4F7556}") = "GaoJD.Club.Redis", "GaoJD.Club.Redis\GaoJD.Club.Redis.csproj", "{6BAEC433-FBF0-4951-999B-51DB439FBEFE}"
EndProject
Project("{9A19103F-16F7-4668-BE54-9A1E7A4F7556}") = "GaoJD.Club.Repository", "GaoJD.Club.Repository\GaoJD.Club.Repository.csproj", "{FF1E82B5-45BA-4341-8C2E-FA40C4593B27}"
EndProject
Project("{9A19103F-16F7-4668-BE54-9A1E7A4F7556}") = "GaoJD.Club.Utility", "GaoJD.Club.Utility\GaoJD.Club.Utility.csproj", "{751ADF2D-B2D3-48AA-8929-586AE4B1961B}"
EndProject
Project("{9A19103F-16F7-4668-BE54-9A1E7A4F7556}") = "SignalRDemo", "SignalRDemo\SignalRDemo.csproj", "{98AA06C6-485B-4982-8918-D523C506F13B}"
EndProject
Project("{FAE04EC0-301F-11D3-BF4B-00C04F79EFBC}") = "GaoJD.Club.Dto", "GaoJD.Club.Dto\GaoJD.Club.Dto.csproj", "{7C97B70F-EE11-40A9-BFD8-399E4D432255}"
EndProject
Project("{9A19103F-16F7-4668-BE54-9A1E7A4F7556}") = "WebApplication1", "WebApplication1\WebApplication1.csproj", "{78B9FC32-3408-4005-BB23-4C4F7EDB4977}"
EndProject
Global
	GlobalSection(SolutionConfigurationPlatforms) = preSolution
		Debug|Any CPU = Debug|Any CPU
		netfx-Debug|Any CPU = netfx-Debug|Any CPU
		netfx-Release|Any CPU = netfx-Release|Any CPU
		netstandard-Debug|Any CPU = netstandard-Debug|Any CPU
		netstandard-Release|Any CPU = netstandard-Release|Any CPU
		Release|Any CPU = Release|Any CPU
	EndGlobalSection
	GlobalSection(ProjectConfigurationPlatforms) = postSolution
		{A00E61AB-B235-416C-A583-CAE441B3D9AF}.Debug|Any CPU.ActiveCfg = Debug|Any CPU
		{A00E61AB-B235-416C-A583-CAE441B3D9AF}.Debug|Any CPU.Build.0 = Debug|Any CPU
		{A00E61AB-B235-416C-A583-CAE441B3D9AF}.netfx-Debug|Any CPU.ActiveCfg = Debug|Any CPU
		{A00E61AB-B235-416C-A583-CAE441B3D9AF}.netfx-Debug|Any CPU.Build.0 = Debug|Any CPU
		{A00E61AB-B235-416C-A583-CAE441B3D9AF}.netfx-Release|Any CPU.ActiveCfg = Release|Any CPU
		{A00E61AB-B235-416C-A583-CAE441B3D9AF}.netfx-Release|Any CPU.Build.0 = Release|Any CPU
		{A00E61AB-B235-416C-A583-CAE441B3D9AF}.netstandard-Debug|Any CPU.ActiveCfg = Debug|Any CPU
		{A00E61AB-B235-416C-A583-CAE441B3D9AF}.netstandard-Debug|Any CPU.Build.0 = Debug|Any CPU
		{A00E61AB-B235-416C-A583-CAE441B3D9AF}.netstandard-Release|Any CPU.ActiveCfg = Release|Any CPU
		{A00E61AB-B235-416C-A583-CAE441B3D9AF}.netstandard-Release|Any CPU.Build.0 = Release|Any CPU
		{A00E61AB-B235-416C-A583-CAE441B3D9AF}.Release|Any CPU.ActiveCfg = Release|Any CPU
		{A00E61AB-B235-416C-A583-CAE441B3D9AF}.Release|Any CPU.Build.0 = Release|Any CPU
		{07D06907-2B1C-42E9-98F9-8DF15D0A3E53}.Debug|Any CPU.ActiveCfg = Debug|Any CPU
		{07D06907-2B1C-42E9-98F9-8DF15D0A3E53}.Debug|Any CPU.Build.0 = Debug|Any CPU
		{07D06907-2B1C-42E9-98F9-8DF15D0A3E53}.netfx-Debug|Any CPU.ActiveCfg = Debug|Any CPU
		{07D06907-2B1C-42E9-98F9-8DF15D0A3E53}.netfx-Debug|Any CPU.Build.0 = Debug|Any CPU
		{07D06907-2B1C-42E9-98F9-8DF15D0A3E53}.netfx-Release|Any CPU.ActiveCfg = Release|Any CPU
		{07D06907-2B1C-42E9-98F9-8DF15D0A3E53}.netfx-Release|Any CPU.Build.0 = Release|Any CPU
		{07D06907-2B1C-42E9-98F9-8DF15D0A3E53}.netstandard-Debug|Any CPU.ActiveCfg = Debug|Any CPU
		{07D06907-2B1C-42E9-98F9-8DF15D0A3E53}.netstandard-Debug|Any CPU.Build.0 = Debug|Any CPU
		{07D06907-2B1C-42E9-98F9-8DF15D0A3E53}.netstandard-Release|Any CPU.ActiveCfg = Release|Any CPU
		{07D06907-2B1C-42E9-98F9-8DF15D0A3E53}.netstandard-Release|Any CPU.Build.0 = Release|Any CPU
		{07D06907-2B1C-42E9-98F9-8DF15D0A3E53}.Release|Any CPU.ActiveCfg = Release|Any CPU
		{07D06907-2B1C-42E9-98F9-8DF15D0A3E53}.Release|Any CPU.Build.0 = Release|Any CPU
		{0DEFEF50-BF29-449C-BDDA-12EE7A457490}.Debug|Any CPU.ActiveCfg = Debug|Any CPU
		{0DEFEF50-BF29-449C-BDDA-12EE7A457490}.Debug|Any CPU.Build.0 = Debug|Any CPU
		{0DEFEF50-BF29-449C-BDDA-12EE7A457490}.netfx-Debug|Any CPU.ActiveCfg = Debug|Any CPU
		{0DEFEF50-BF29-449C-BDDA-12EE7A457490}.netfx-Debug|Any CPU.Build.0 = Debug|Any CPU
		{0DEFEF50-BF29-449C-BDDA-12EE7A457490}.netfx-Release|Any CPU.ActiveCfg = Release|Any CPU
		{0DEFEF50-BF29-449C-BDDA-12EE7A457490}.netfx-Release|Any CPU.Build.0 = Release|Any CPU
		{0DEFEF50-BF29-449C-BDDA-12EE7A457490}.netstandard-Debug|Any CPU.ActiveCfg = Debug|Any CPU
		{0DEFEF50-BF29-449C-BDDA-12EE7A457490}.netstandard-Debug|Any CPU.Build.0 = Debug|Any CPU
		{0DEFEF50-BF29-449C-BDDA-12EE7A457490}.netstandard-Release|Any CPU.ActiveCfg = Release|Any CPU
		{0DEFEF50-BF29-449C-BDDA-12EE7A457490}.netstandard-Release|Any CPU.Build.0 = Release|Any CPU
		{0DEFEF50-BF29-449C-BDDA-12EE7A457490}.Release|Any CPU.ActiveCfg = Release|Any CPU
		{0DEFEF50-BF29-449C-BDDA-12EE7A457490}.Release|Any CPU.Build.0 = Release|Any CPU
		{F7A60896-19BC-4DAF-B704-4AE59EF33648}.Debug|Any CPU.ActiveCfg = Debug|Any CPU
		{F7A60896-19BC-4DAF-B704-4AE59EF33648}.Debug|Any CPU.Build.0 = Debug|Any CPU
		{F7A60896-19BC-4DAF-B704-4AE59EF33648}.netfx-Debug|Any CPU.ActiveCfg = Debug|Any CPU
		{F7A60896-19BC-4DAF-B704-4AE59EF33648}.netfx-Debug|Any CPU.Build.0 = Debug|Any CPU
		{F7A60896-19BC-4DAF-B704-4AE59EF33648}.netfx-Release|Any CPU.ActiveCfg = Release|Any CPU
		{F7A60896-19BC-4DAF-B704-4AE59EF33648}.netfx-Release|Any CPU.Build.0 = Release|Any CPU
		{F7A60896-19BC-4DAF-B704-4AE59EF33648}.netstandard-Debug|Any CPU.ActiveCfg = Debug|Any CPU
		{F7A60896-19BC-4DAF-B704-4AE59EF33648}.netstandard-Debug|Any CPU.Build.0 = Debug|Any CPU
		{F7A60896-19BC-4DAF-B704-4AE59EF33648}.netstandard-Release|Any CPU.ActiveCfg = Release|Any CPU
		{F7A60896-19BC-4DAF-B704-4AE59EF33648}.netstandard-Release|Any CPU.Build.0 = Release|Any CPU
		{F7A60896-19BC-4DAF-B704-4AE59EF33648}.Release|Any CPU.ActiveCfg = Release|Any CPU
		{F7A60896-19BC-4DAF-B704-4AE59EF33648}.Release|Any CPU.Build.0 = Release|Any CPU
		{5BB6EA05-65BC-485C-979A-3F9587B3A1BD}.Debug|Any CPU.ActiveCfg = Debug|Any CPU
		{5BB6EA05-65BC-485C-979A-3F9587B3A1BD}.Debug|Any CPU.Build.0 = Debug|Any CPU
		{5BB6EA05-65BC-485C-979A-3F9587B3A1BD}.netfx-Debug|Any CPU.ActiveCfg = Debug|Any CPU
		{5BB6EA05-65BC-485C-979A-3F9587B3A1BD}.netfx-Debug|Any CPU.Build.0 = Debug|Any CPU
		{5BB6EA05-65BC-485C-979A-3F9587B3A1BD}.netfx-Release|Any CPU.ActiveCfg = Release|Any CPU
		{5BB6EA05-65BC-485C-979A-3F9587B3A1BD}.netfx-Release|Any CPU.Build.0 = Release|Any CPU
		{5BB6EA05-65BC-485C-979A-3F9587B3A1BD}.netstandard-Debug|Any CPU.ActiveCfg = Debug|Any CPU
		{5BB6EA05-65BC-485C-979A-3F9587B3A1BD}.netstandard-Debug|Any CPU.Build.0 = Debug|Any CPU
		{5BB6EA05-65BC-485C-979A-3F9587B3A1BD}.netstandard-Release|Any CPU.ActiveCfg = Release|Any CPU
		{5BB6EA05-65BC-485C-979A-3F9587B3A1BD}.netstandard-Release|Any CPU.Build.0 = Release|Any CPU
		{5BB6EA05-65BC-485C-979A-3F9587B3A1BD}.Release|Any CPU.ActiveCfg = Release|Any CPU
		{5BB6EA05-65BC-485C-979A-3F9587B3A1BD}.Release|Any CPU.Build.0 = Release|Any CPU
		{6BAEC433-FBF0-4951-999B-51DB439FBEFE}.Debug|Any CPU.ActiveCfg = Debug|Any CPU
		{6BAEC433-FBF0-4951-999B-51DB439FBEFE}.Debug|Any CPU.Build.0 = Debug|Any CPU
		{6BAEC433-FBF0-4951-999B-51DB439FBEFE}.netfx-Debug|Any CPU.ActiveCfg = Debug|Any CPU
		{6BAEC433-FBF0-4951-999B-51DB439FBEFE}.netfx-Debug|Any CPU.Build.0 = Debug|Any CPU
		{6BAEC433-FBF0-4951-999B-51DB439FBEFE}.netfx-Release|Any CPU.ActiveCfg = Release|Any CPU
		{6BAEC433-FBF0-4951-999B-51DB439FBEFE}.netfx-Release|Any CPU.Build.0 = Release|Any CPU
		{6BAEC433-FBF0-4951-999B-51DB439FBEFE}.netstandard-Debug|Any CPU.ActiveCfg = Debug|Any CPU
		{6BAEC433-FBF0-4951-999B-51DB439FBEFE}.netstandard-Debug|Any CPU.Build.0 = Debug|Any CPU
		{6BAEC433-FBF0-4951-999B-51DB439FBEFE}.netstandard-Release|Any CPU.ActiveCfg = Release|Any CPU
		{6BAEC433-FBF0-4951-999B-51DB439FBEFE}.netstandard-Release|Any CPU.Build.0 = Release|Any CPU
		{6BAEC433-FBF0-4951-999B-51DB439FBEFE}.Release|Any CPU.ActiveCfg = Release|Any CPU
		{6BAEC433-FBF0-4951-999B-51DB439FBEFE}.Release|Any CPU.Build.0 = Release|Any CPU
		{FF1E82B5-45BA-4341-8C2E-FA40C4593B27}.Debug|Any CPU.ActiveCfg = Debug|Any CPU
		{FF1E82B5-45BA-4341-8C2E-FA40C4593B27}.Debug|Any CPU.Build.0 = Debug|Any CPU
		{FF1E82B5-45BA-4341-8C2E-FA40C4593B27}.netfx-Debug|Any CPU.ActiveCfg = Debug|Any CPU
		{FF1E82B5-45BA-4341-8C2E-FA40C4593B27}.netfx-Debug|Any CPU.Build.0 = Debug|Any CPU
		{FF1E82B5-45BA-4341-8C2E-FA40C4593B27}.netfx-Release|Any CPU.ActiveCfg = Release|Any CPU
		{FF1E82B5-45BA-4341-8C2E-FA40C4593B27}.netfx-Release|Any CPU.Build.0 = Release|Any CPU
		{FF1E82B5-45BA-4341-8C2E-FA40C4593B27}.netstandard-Debug|Any CPU.ActiveCfg = Debug|Any CPU
		{FF1E82B5-45BA-4341-8C2E-FA40C4593B27}.netstandard-Debug|Any CPU.Build.0 = Debug|Any CPU
		{FF1E82B5-45BA-4341-8C2E-FA40C4593B27}.netstandard-Release|Any CPU.ActiveCfg = Release|Any CPU
		{FF1E82B5-45BA-4341-8C2E-FA40C4593B27}.netstandard-Release|Any CPU.Build.0 = Release|Any CPU
		{FF1E82B5-45BA-4341-8C2E-FA40C4593B27}.Release|Any CPU.ActiveCfg = Release|Any CPU
		{FF1E82B5-45BA-4341-8C2E-FA40C4593B27}.Release|Any CPU.Build.0 = Release|Any CPU
		{751ADF2D-B2D3-48AA-8929-586AE4B1961B}.Debug|Any CPU.ActiveCfg = Debug|Any CPU
		{751ADF2D-B2D3-48AA-8929-586AE4B1961B}.Debug|Any CPU.Build.0 = Debug|Any CPU
		{751ADF2D-B2D3-48AA-8929-586AE4B1961B}.netfx-Debug|Any CPU.ActiveCfg = Debug|Any CPU
		{751ADF2D-B2D3-48AA-8929-586AE4B1961B}.netfx-Debug|Any CPU.Build.0 = Debug|Any CPU
		{751ADF2D-B2D3-48AA-8929-586AE4B1961B}.netfx-Release|Any CPU.ActiveCfg = Release|Any CPU
		{751ADF2D-B2D3-48AA-8929-586AE4B1961B}.netfx-Release|Any CPU.Build.0 = Release|Any CPU
		{751ADF2D-B2D3-48AA-8929-586AE4B1961B}.netstandard-Debug|Any CPU.ActiveCfg = Debug|Any CPU
		{751ADF2D-B2D3-48AA-8929-586AE4B1961B}.netstandard-Debug|Any CPU.Build.0 = Debug|Any CPU
		{751ADF2D-B2D3-48AA-8929-586AE4B1961B}.netstandard-Release|Any CPU.ActiveCfg = Release|Any CPU
		{751ADF2D-B2D3-48AA-8929-586AE4B1961B}.netstandard-Release|Any CPU.Build.0 = Release|Any CPU
		{751ADF2D-B2D3-48AA-8929-586AE4B1961B}.Release|Any CPU.ActiveCfg = Release|Any CPU
		{751ADF2D-B2D3-48AA-8929-586AE4B1961B}.Release|Any CPU.Build.0 = Release|Any CPU
		{98AA06C6-485B-4982-8918-D523C506F13B}.Debug|Any CPU.ActiveCfg = Debug|Any CPU
		{98AA06C6-485B-4982-8918-D523C506F13B}.Debug|Any CPU.Build.0 = Debug|Any CPU
		{98AA06C6-485B-4982-8918-D523C506F13B}.netfx-Debug|Any CPU.ActiveCfg = Debug|Any CPU
		{98AA06C6-485B-4982-8918-D523C506F13B}.netfx-Debug|Any CPU.Build.0 = Debug|Any CPU
		{98AA06C6-485B-4982-8918-D523C506F13B}.netfx-Release|Any CPU.ActiveCfg = Release|Any CPU
		{98AA06C6-485B-4982-8918-D523C506F13B}.netfx-Release|Any CPU.Build.0 = Release|Any CPU
		{98AA06C6-485B-4982-8918-D523C506F13B}.netstandard-Debug|Any CPU.ActiveCfg = Debug|Any CPU
		{98AA06C6-485B-4982-8918-D523C506F13B}.netstandard-Debug|Any CPU.Build.0 = Debug|Any CPU
		{98AA06C6-485B-4982-8918-D523C506F13B}.netstandard-Release|Any CPU.ActiveCfg = Release|Any CPU
		{98AA06C6-485B-4982-8918-D523C506F13B}.netstandard-Release|Any CPU.Build.0 = Release|Any CPU
		{98AA06C6-485B-4982-8918-D523C506F13B}.Release|Any CPU.ActiveCfg = Release|Any CPU
		{98AA06C6-485B-4982-8918-D523C506F13B}.Release|Any CPU.Build.0 = Release|Any CPU
		{7C97B70F-EE11-40A9-BFD8-399E4D432255}.Debug|Any CPU.ActiveCfg = Debug|Any CPU
		{7C97B70F-EE11-40A9-BFD8-399E4D432255}.Debug|Any CPU.Build.0 = Debug|Any CPU
		{7C97B70F-EE11-40A9-BFD8-399E4D432255}.netfx-Debug|Any CPU.ActiveCfg = Debug|Any CPU
		{7C97B70F-EE11-40A9-BFD8-399E4D432255}.netfx-Debug|Any CPU.Build.0 = Debug|Any CPU
		{7C97B70F-EE11-40A9-BFD8-399E4D432255}.netfx-Release|Any CPU.ActiveCfg = Release|Any CPU
		{7C97B70F-EE11-40A9-BFD8-399E4D432255}.netfx-Release|Any CPU.Build.0 = Release|Any CPU
		{7C97B70F-EE11-40A9-BFD8-399E4D432255}.netstandard-Debug|Any CPU.ActiveCfg = Debug|Any CPU
		{7C97B70F-EE11-40A9-BFD8-399E4D432255}.netstandard-Debug|Any CPU.Build.0 = Debug|Any CPU
		{7C97B70F-EE11-40A9-BFD8-399E4D432255}.netstandard-Release|Any CPU.ActiveCfg = Release|Any CPU
		{7C97B70F-EE11-40A9-BFD8-399E4D432255}.netstandard-Release|Any CPU.Build.0 = Release|Any CPU
		{7C97B70F-EE11-40A9-BFD8-399E4D432255}.Release|Any CPU.ActiveCfg = Release|Any CPU
		{7C97B70F-EE11-40A9-BFD8-399E4D432255}.Release|Any CPU.Build.0 = Release|Any CPU
		{78B9FC32-3408-4005-BB23-4C4F7EDB4977}.Debug|Any CPU.ActiveCfg = Debug|Any CPU
		{78B9FC32-3408-4005-BB23-4C4F7EDB4977}.Debug|Any CPU.Build.0 = Debug|Any CPU
		{78B9FC32-3408-4005-BB23-4C4F7EDB4977}.netfx-Debug|Any CPU.ActiveCfg = Debug|Any CPU
		{78B9FC32-3408-4005-BB23-4C4F7EDB4977}.netfx-Debug|Any CPU.Build.0 = Debug|Any CPU
		{78B9FC32-3408-4005-BB23-4C4F7EDB4977}.netfx-Release|Any CPU.ActiveCfg = Release|Any CPU
		{78B9FC32-3408-4005-BB23-4C4F7EDB4977}.netfx-Release|Any CPU.Build.0 = Release|Any CPU
		{78B9FC32-3408-4005-BB23-4C4F7EDB4977}.netstandard-Debug|Any CPU.ActiveCfg = Debug|Any CPU
		{78B9FC32-3408-4005-BB23-4C4F7EDB4977}.netstandard-Debug|Any CPU.Build.0 = Debug|Any CPU
		{78B9FC32-3408-4005-BB23-4C4F7EDB4977}.netstandard-Release|Any CPU.ActiveCfg = Release|Any CPU
		{78B9FC32-3408-4005-BB23-4C4F7EDB4977}.netstandard-Release|Any CPU.Build.0 = Release|Any CPU
		{78B9FC32-3408-4005-BB23-4C4F7EDB4977}.Release|Any CPU.ActiveCfg = Release|Any CPU
		{78B9FC32-3408-4005-BB23-4C4F7EDB4977}.Release|Any CPU.Build.0 = Release|Any CPU
	EndGlobalSection
	GlobalSection(SolutionProperties) = preSolution
		HideSolutionNode = FALSE
	EndGlobalSection
	GlobalSection(NestedProjects) = preSolution
		{A00E61AB-B235-416C-A583-CAE441B3D9AF} = {27B402A9-D79A-44D6-A36F-C648043B5573}
		{07D06907-2B1C-42E9-98F9-8DF15D0A3E53} = {A6364D28-657D-4B8E-A74C-D09D50329EA1}
		{0DEFEF50-BF29-449C-BDDA-12EE7A457490} = {A6364D28-657D-4B8E-A74C-D09D50329EA1}
		{F7A60896-19BC-4DAF-B704-4AE59EF33648} = {A6364D28-657D-4B8E-A74C-D09D50329EA1}
		{5BB6EA05-65BC-485C-979A-3F9587B3A1BD} = {A6364D28-657D-4B8E-A74C-D09D50329EA1}
		{6BAEC433-FBF0-4951-999B-51DB439FBEFE} = {A6364D28-657D-4B8E-A74C-D09D50329EA1}
		{FF1E82B5-45BA-4341-8C2E-FA40C4593B27} = {A6364D28-657D-4B8E-A74C-D09D50329EA1}
		{751ADF2D-B2D3-48AA-8929-586AE4B1961B} = {A6364D28-657D-4B8E-A74C-D09D50329EA1}
		{98AA06C6-485B-4982-8918-D523C506F13B} = {27B402A9-D79A-44D6-A36F-C648043B5573}
		{7C97B70F-EE11-40A9-BFD8-399E4D432255} = {A6364D28-657D-4B8E-A74C-D09D50329EA1}
		{78B9FC32-3408-4005-BB23-4C4F7EDB4977} = {27B402A9-D79A-44D6-A36F-C648043B5573}
	EndGlobalSection
	GlobalSection(ExtensibilityGlobals) = postSolution
		SolutionGuid = {36B25B07-2275-4484-8B4E-6B73B1C6B952}
	EndGlobalSection
EndGlobal
